
Microsoft Visual Studio Solution File, Format Version 12.00
# Visual Studio Version 17
VisualStudioVersion = 17.10.34928.147
MinimumVisualStudioVersion = 10.0.40219.1
Project("{9A19103F-16F7-4668-BE54-9A1E7A4F7556}") = "BlogApp", "BlogApp\BlogApp.csproj", "{00340A50-B8CE-4320-B791-715D46C6EB7F}"
EndProject
Project("{9A19103F-16F7-4668-BE54-9A1E7A4F7556}") = "BlogApp.Data", "BlogApp.Data\BlogApp.Data.csproj", "{46AC1F41-047B-4A80-8CC2-3C7CE6632E46}"
EndProject
Project("{9A19103F-16F7-4668-BE54-9A1E7A4F7556}") = "BlogApp.API", "BlogApp.API\BlogApp.API.csproj", "{80308800-9038-4575-9D20-7935A59CFFA5}"
EndProject
Global
	GlobalSection(SolutionConfigurationPlatforms) = preSolution
		Debug|Any CPU = Debug|Any CPU
		Release|Any CPU = Release|Any CPU
	EndGlobalSection
	GlobalSection(ProjectConfigurationPlatforms) = postSolution
		{00340A50-B8CE-4320-B791-715D46C6EB7F}.Debug|Any CPU.ActiveCfg = Debug|Any CPU
		{00340A50-B8CE-4320-B791-715D46C6EB7F}.Debug|Any CPU.Build.0 = Debug|Any CPU
		{00340A50-B8CE-4320-B791-715D46C6EB7F}.Release|Any CPU.ActiveCfg = Release|Any CPU
		{00340A50-B8CE-4320-B791-715D46C6EB7F}.Release|Any CPU.Build.0 = Release|Any CPU
		{46AC1F41-047B-4A80-8CC2-3C7CE6632E46}.Debug|Any CPU.ActiveCfg = Debug|Any CPU
		{46AC1F41-047B-4A80-8CC2-3C7CE6632E46}.Debug|Any CPU.Build.0 = Debug|Any CPU
		{46AC1F41-047B-4A80-8CC2-3C7CE6632E46}.Release|Any CPU.ActiveCfg = Release|Any CPU
		{46AC1F41-047B-4A80-8CC2-3C7CE6632E46}.Release|Any CPU.Build.0 = Release|Any CPU
		{80308800-9038-4575-9D20-7935A59CFFA5}.Debug|Any CPU.ActiveCfg = Debug|Any CPU
		{80308800-9038-4575-9D20-7935A59CFFA5}.Debug|Any CPU.Build.0 = Debug|Any CPU
		{80308800-9038-4575-9D20-7935A59CFFA5}.Release|Any CPU.ActiveCfg = Release|Any CPU
		{80308800-9038-4575-9D20-7935A59CFFA5}.Release|Any CPU.Build.0 = Release|Any CPU
	EndGlobalSection
	GlobalSection(SolutionProperties) = preSolution
		HideSolutionNode = FALSE
	EndGlobalSection
	GlobalSection(ExtensibilityGlobals) = postSolution
		SolutionGuid = {F5630C91-EFF6-45B7-A011-6CD5BA895EE9}
	EndGlobalSection
EndGlobal
